
Microsoft Visual Studio Solution File, Format Version 12.00
# Visual Studio Version 16
VisualStudioVersion = 16.0.30413.136
MinimumVisualStudioVersion = 10.0.40219.1
Project("{9A19103F-16F7-4668-BE54-9A1E7A4F7556}") = "DesafioInvillia", "DesafioInvillia\DesafioInvillia.csproj", "{DCDE14E8-736C-4C6D-A35A-6E221D9F1516}"
EndProject
Project("{2150E333-8FDC-42A3-9474-1A3956D46DE8}") = "1 - Apresentacao", "1 - Apresentacao", "{1825B7F6-DB49-44E1-94D6-96FB228296BC}"
EndProject
Project("{2150E333-8FDC-42A3-9474-1A3956D46DE8}") = "2 - Aplicacao", "2 - Aplicacao", "{B06DD6F6-3C10-43E2-A36F-C81319A35263}"
EndProject
Project("{2150E333-8FDC-42A3-9474-1A3956D46DE8}") = "3 - Negocio", "3 - Negocio", "{245F5AB6-5CE1-4834-A5FD-2936B4D79FE2}"
EndProject
Project("{2150E333-8FDC-42A3-9474-1A3956D46DE8}") = "4 - Dominio", "4 - Dominio", "{8685AC61-21DD-4F3A-815D-943785E6AA99}"
EndProject
Project("{2150E333-8FDC-42A3-9474-1A3956D46DE8}") = "5 - Infraestrutura", "5 - Infraestrutura", "{FAB4C615-6FF7-40DC-B6B7-73985427BD25}"
EndProject
Project("{9A19103F-16F7-4668-BE54-9A1E7A4F7556}") = "Aplicacao", "Aplicacao\Aplicacao.csproj", "{E43E486C-9D0B-4664-89B0-6D2FF1775F65}"
EndProject
Project("{9A19103F-16F7-4668-BE54-9A1E7A4F7556}") = "AplicacaoService", "AplicacaoService\AplicacaoService.csproj", "{82E4668B-89B4-49EB-B810-8373853EB9C1}"
EndProject
Project("{9A19103F-16F7-4668-BE54-9A1E7A4F7556}") = "Negocio", "Negocio\Negocio.csproj", "{5D950E62-1000-40A9-9CBA-FE324BB7DF47}"
EndProject
Project("{9A19103F-16F7-4668-BE54-9A1E7A4F7556}") = "Dominio", "Dominio\Dominio.csproj", "{91CFFE2D-966D-4387-BD9D-C07D35920AFE}"
EndProject
Project("{9A19103F-16F7-4668-BE54-9A1E7A4F7556}") = "Compartilhado", "Compartilhado\Compartilhado.csproj", "{6426C870-3AB9-4B01-8E80-F8BB62C852CE}"
EndProject
Project("{9A19103F-16F7-4668-BE54-9A1E7A4F7556}") = "EntityFramework", "EntityFramework\EntityFramework.csproj", "{3D960E03-A951-4892-9916-2CD6179E0E00}"
EndProject
Global
	GlobalSection(SolutionConfigurationPlatforms) = preSolution
		Debug|Any CPU = Debug|Any CPU
		Release|Any CPU = Release|Any CPU
	EndGlobalSection
	GlobalSection(ProjectConfigurationPlatforms) = postSolution
		{DCDE14E8-736C-4C6D-A35A-6E221D9F1516}.Debug|Any CPU.ActiveCfg = Debug|Any CPU
		{DCDE14E8-736C-4C6D-A35A-6E221D9F1516}.Debug|Any CPU.Build.0 = Debug|Any CPU
		{DCDE14E8-736C-4C6D-A35A-6E221D9F1516}.Release|Any CPU.ActiveCfg = Release|Any CPU
		{DCDE14E8-736C-4C6D-A35A-6E221D9F1516}.Release|Any CPU.Build.0 = Release|Any CPU
		{E43E486C-9D0B-4664-89B0-6D2FF1775F65}.Debug|Any CPU.ActiveCfg = Debug|Any CPU
		{E43E486C-9D0B-4664-89B0-6D2FF1775F65}.Debug|Any CPU.Build.0 = Debug|Any CPU
		{E43E486C-9D0B-4664-89B0-6D2FF1775F65}.Release|Any CPU.ActiveCfg = Release|Any CPU
		{E43E486C-9D0B-4664-89B0-6D2FF1775F65}.Release|Any CPU.Build.0 = Release|Any CPU
		{82E4668B-89B4-49EB-B810-8373853EB9C1}.Debug|Any CPU.ActiveCfg = Debug|Any CPU
		{82E4668B-89B4-49EB-B810-8373853EB9C1}.Debug|Any CPU.Build.0 = Debug|Any CPU
		{82E4668B-89B4-49EB-B810-8373853EB9C1}.Release|Any CPU.ActiveCfg = Release|Any CPU
		{82E4668B-89B4-49EB-B810-8373853EB9C1}.Release|Any CPU.Build.0 = Release|Any CPU
		{5D950E62-1000-40A9-9CBA-FE324BB7DF47}.Debug|Any CPU.ActiveCfg = Debug|Any CPU
		{5D950E62-1000-40A9-9CBA-FE324BB7DF47}.Debug|Any CPU.Build.0 = Debug|Any CPU
		{5D950E62-1000-40A9-9CBA-FE324BB7DF47}.Release|Any CPU.ActiveCfg = Release|Any CPU
		{5D950E62-1000-40A9-9CBA-FE324BB7DF47}.Release|Any CPU.Build.0 = Release|Any CPU
		{91CFFE2D-966D-4387-BD9D-C07D35920AFE}.Debug|Any CPU.ActiveCfg = Debug|Any CPU
		{91CFFE2D-966D-4387-BD9D-C07D35920AFE}.Debug|Any CPU.Build.0 = Debug|Any CPU
		{91CFFE2D-966D-4387-BD9D-C07D35920AFE}.Release|Any CPU.ActiveCfg = Release|Any CPU
		{91CFFE2D-966D-4387-BD9D-C07D35920AFE}.Release|Any CPU.Build.0 = Release|Any CPU
		{6426C870-3AB9-4B01-8E80-F8BB62C852CE}.Debug|Any CPU.ActiveCfg = Debug|Any CPU
		{6426C870-3AB9-4B01-8E80-F8BB62C852CE}.Debug|Any CPU.Build.0 = Debug|Any CPU
		{6426C870-3AB9-4B01-8E80-F8BB62C852CE}.Release|Any CPU.ActiveCfg = Release|Any CPU
		{6426C870-3AB9-4B01-8E80-F8BB62C852CE}.Release|Any CPU.Build.0 = Release|Any CPU
		{3D960E03-A951-4892-9916-2CD6179E0E00}.Debug|Any CPU.ActiveCfg = Debug|Any CPU
		{3D960E03-A951-4892-9916-2CD6179E0E00}.Debug|Any CPU.Build.0 = Debug|Any CPU
		{3D960E03-A951-4892-9916-2CD6179E0E00}.Release|Any CPU.ActiveCfg = Release|Any CPU
		{3D960E03-A951-4892-9916-2CD6179E0E00}.Release|Any CPU.Build.0 = Release|Any CPU
	EndGlobalSection
	GlobalSection(SolutionProperties) = preSolution
		HideSolutionNode = FALSE
	EndGlobalSection
	GlobalSection(NestedProjects) = preSolution
		{DCDE14E8-736C-4C6D-A35A-6E221D9F1516} = {1825B7F6-DB49-44E1-94D6-96FB228296BC}
		{E43E486C-9D0B-4664-89B0-6D2FF1775F65} = {B06DD6F6-3C10-43E2-A36F-C81319A35263}
		{82E4668B-89B4-49EB-B810-8373853EB9C1} = {B06DD6F6-3C10-43E2-A36F-C81319A35263}
		{5D950E62-1000-40A9-9CBA-FE324BB7DF47} = {245F5AB6-5CE1-4834-A5FD-2936B4D79FE2}
		{91CFFE2D-966D-4387-BD9D-C07D35920AFE} = {8685AC61-21DD-4F3A-815D-943785E6AA99}
		{6426C870-3AB9-4B01-8E80-F8BB62C852CE} = {FAB4C615-6FF7-40DC-B6B7-73985427BD25}
		{3D960E03-A951-4892-9916-2CD6179E0E00} = {FAB4C615-6FF7-40DC-B6B7-73985427BD25}
	EndGlobalSection
	GlobalSection(ExtensibilityGlobals) = postSolution
		SolutionGuid = {3E39DB31-7EC4-4477-82AF-8E23F0455EF6}
	EndGlobalSection
EndGlobal
